
Microsoft Visual Studio Solution File, Format Version 12.00
# Visual Studio 2012
Project("{FAE04EC0-301F-11D3-BF4B-00C04F79EFBC}") = "HotelDashboard", "HotelDashboard.csproj", "{8CDE8FA4-5CBF-4398-925B-AE095E6B9B5A}"
EndProject
Project("{2150E333-8FDC-42A3-9474-1A3956D46DE8}") = ".nuget", ".nuget", "{6A88754E-FBD0-4EF7-B22B-E8448851C679}"
	ProjectSection(SolutionItems) = preProject
		.nuget\packages.config = .nuget\packages.config
	EndProjectSection
EndProject
Project("{6141683F-8A12-4E36-9623-2EB02B2C2303}") = "HotelSetupProject", "..\HotelSetupProject\HotelSetupProject.isproj", "{65FAD76B-B0B8-4017-84F7-FD96D90BB849}"
EndProject
Project("{FAE04EC0-301F-11D3-BF4B-00C04F79EFBC}") = "CloudDesktopApp", "..\CloudDesktopApp\CloudDesktopApp.csproj", "{E39612D8-1AA1-48BD-A49D-AC2C81D4842E}"
EndProject
Global
	GlobalSection(SolutionConfigurationPlatforms) = preSolution
		CD_ROM|Any CPU = CD_ROM|Any CPU
		CD_ROM|Mixed Platforms = CD_ROM|Mixed Platforms
		CD_ROM|x64 = CD_ROM|x64
		CD_ROM|x86 = CD_ROM|x86
		Debug|Any CPU = Debug|Any CPU
		Debug|Mixed Platforms = Debug|Mixed Platforms
		Debug|x64 = Debug|x64
		Debug|x86 = Debug|x86
		DVD-5|Any CPU = DVD-5|Any CPU
		DVD-5|Mixed Platforms = DVD-5|Mixed Platforms
		DVD-5|x64 = DVD-5|x64
		DVD-5|x86 = DVD-5|x86
		Release|Any CPU = Release|Any CPU
		Release|Mixed Platforms = Release|Mixed Platforms
		Release|x64 = Release|x64
		Release|x86 = Release|x86
		SingleImage|Any CPU = SingleImage|Any CPU
		SingleImage|Mixed Platforms = SingleImage|Mixed Platforms
		SingleImage|x64 = SingleImage|x64
		SingleImage|x86 = SingleImage|x86
	EndGlobalSection
	GlobalSection(ProjectConfigurationPlatforms) = postSolution
		{8CDE8FA4-5CBF-4398-925B-AE095E6B9B5A}.CD_ROM|Any CPU.ActiveCfg = Debug|x86
		{8CDE8FA4-5CBF-4398-925B-AE095E6B9B5A}.CD_ROM|Mixed Platforms.ActiveCfg = Debug|x86
		{8CDE8FA4-5CBF-4398-925B-AE095E6B9B5A}.CD_ROM|Mixed Platforms.Build.0 = Debug|x86
		{8CDE8FA4-5CBF-4398-925B-AE095E6B9B5A}.CD_ROM|x64.ActiveCfg = Debug|x64
		{8CDE8FA4-5CBF-4398-925B-AE095E6B9B5A}.CD_ROM|x64.Build.0 = Debug|x64
		{8CDE8FA4-5CBF-4398-925B-AE095E6B9B5A}.CD_ROM|x86.ActiveCfg = Release|x86
		{8CDE8FA4-5CBF-4398-925B-AE095E6B9B5A}.CD_ROM|x86.Build.0 = Release|x86
		{8CDE8FA4-5CBF-4398-925B-AE095E6B9B5A}.Debug|Any CPU.ActiveCfg = Debug|x86
		{8CDE8FA4-5CBF-4398-925B-AE095E6B9B5A}.Debug|Mixed Platforms.ActiveCfg = Debug|x86
		{8CDE8FA4-5CBF-4398-925B-AE095E6B9B5A}.Debug|Mixed Platforms.Build.0 = Debug|x86
		{8CDE8FA4-5CBF-4398-925B-AE095E6B9B5A}.Debug|x64.ActiveCfg = Debug|x86
		{8CDE8FA4-5CBF-4398-925B-AE095E6B9B5A}.Debug|x64.Build.0 = Debug|x86
		{8CDE8FA4-5CBF-4398-925B-AE095E6B9B5A}.Debug|x86.ActiveCfg = Debug|x86
		{8CDE8FA4-5CBF-4398-925B-AE095E6B9B5A}.Debug|x86.Build.0 = Debug|x86
		{8CDE8FA4-5CBF-4398-925B-AE095E6B9B5A}.DVD-5|Any CPU.ActiveCfg = Debug|x86
		{8CDE8FA4-5CBF-4398-925B-AE095E6B9B5A}.DVD-5|Mixed Platforms.ActiveCfg = Debug|x86
		{8CDE8FA4-5CBF-4398-925B-AE095E6B9B5A}.DVD-5|Mixed Platforms.Build.0 = Debug|x86
		{8CDE8FA4-5CBF-4398-925B-AE095E6B9B5A}.DVD-5|x64.ActiveCfg = Debug|x64
		{8CDE8FA4-5CBF-4398-925B-AE095E6B9B5A}.DVD-5|x64.Build.0 = Debug|x64
		{8CDE8FA4-5CBF-4398-925B-AE095E6B9B5A}.DVD-5|x86.ActiveCfg = Debug|x86
		{8CDE8FA4-5CBF-4398-925B-AE095E6B9B5A}.DVD-5|x86.Build.0 = Debug|x86
		{8CDE8FA4-5CBF-4398-925B-AE095E6B9B5A}.Release|Any CPU.ActiveCfg = Release|x86
		{8CDE8FA4-5CBF-4398-925B-AE095E6B9B5A}.Release|Mixed Platforms.ActiveCfg = Release|x86
		{8CDE8FA4-5CBF-4398-925B-AE095E6B9B5A}.Release|Mixed Platforms.Build.0 = Release|x86
		{8CDE8FA4-5CBF-4398-925B-AE095E6B9B5A}.Release|x64.ActiveCfg = Release|x64
		{8CDE8FA4-5CBF-4398-925B-AE095E6B9B5A}.Release|x64.Build.0 = Release|x64
		{8CDE8FA4-5CBF-4398-925B-AE095E6B9B5A}.Release|x86.ActiveCfg = Release|x86
		{8CDE8FA4-5CBF-4398-925B-AE095E6B9B5A}.Release|x86.Build.0 = Release|x86
		{8CDE8FA4-5CBF-4398-925B-AE095E6B9B5A}.SingleImage|Any CPU.ActiveCfg = Debug|x86
		{8CDE8FA4-5CBF-4398-925B-AE095E6B9B5A}.SingleImage|Mixed Platforms.ActiveCfg = Debug|x86
		{8CDE8FA4-5CBF-4398-925B-AE095E6B9B5A}.SingleImage|Mixed Platforms.Build.0 = Debug|x86
		{8CDE8FA4-5CBF-4398-925B-AE095E6B9B5A}.SingleImage|x64.ActiveCfg = Debug|x64
		{8CDE8FA4-5CBF-4398-925B-AE095E6B9B5A}.SingleImage|x64.Build.0 = Debug|x64
		{8CDE8FA4-5CBF-4398-925B-AE095E6B9B5A}.SingleImage|x86.ActiveCfg = Release|x86
		{8CDE8FA4-5CBF-4398-925B-AE095E6B9B5A}.SingleImage|x86.Build.0 = Release|x86
		{65FAD76B-B0B8-4017-84F7-FD96D90BB849}.CD_ROM|Any CPU.ActiveCfg = CD_ROM
		{65FAD76B-B0B8-4017-84F7-FD96D90BB849}.CD_ROM|Any CPU.Build.0 = CD_ROM
		{65FAD76B-B0B8-4017-84F7-FD96D90BB849}.CD_ROM|Mixed Platforms.ActiveCfg = CD_ROM
		{65FAD76B-B0B8-4017-84F7-FD96D90BB849}.CD_ROM|Mixed Platforms.Build.0 = CD_ROM
		{65FAD76B-B0B8-4017-84F7-FD96D90BB849}.CD_ROM|x64.ActiveCfg = CD_ROM
		{65FAD76B-B0B8-4017-84F7-FD96D90BB849}.CD_ROM|x64.Build.0 = CD_ROM
		{65FAD76B-B0B8-4017-84F7-FD96D90BB849}.CD_ROM|x86.ActiveCfg = CD_ROM
		{65FAD76B-B0B8-4017-84F7-FD96D90BB849}.CD_ROM|x86.Build.0 = CD_ROM
		{65FAD76B-B0B8-4017-84F7-FD96D90BB849}.Debug|Any CPU.ActiveCfg = DVD-5
		{65FAD76B-B0B8-4017-84F7-FD96D90BB849}.Debug|Any CPU.Build.0 = DVD-5
		{65FAD76B-B0B8-4017-84F7-FD96D90BB849}.Debug|Mixed Platforms.ActiveCfg = DVD-5
		{65FAD76B-B0B8-4017-84F7-FD96D90BB849}.Debug|Mixed Platforms.Build.0 = DVD-5
		{65FAD76B-B0B8-4017-84F7-FD96D90BB849}.Debug|x64.ActiveCfg = DVD-5
		{65FAD76B-B0B8-4017-84F7-FD96D90BB849}.Debug|x64.Build.0 = DVD-5
		{65FAD76B-B0B8-4017-84F7-FD96D90BB849}.Debug|x86.ActiveCfg = DVD-5
		{65FAD76B-B0B8-4017-84F7-FD96D90BB849}.Debug|x86.Build.0 = DVD-5
		{65FAD76B-B0B8-4017-84F7-FD96D90BB849}.DVD-5|Any CPU.ActiveCfg = DVD-5
		{65FAD76B-B0B8-4017-84F7-FD96D90BB849}.DVD-5|Any CPU.Build.0 = DVD-5
		{65FAD76B-B0B8-4017-84F7-FD96D90BB849}.DVD-5|Mixed Platforms.ActiveCfg = DVD-5
		{65FAD76B-B0B8-4017-84F7-FD96D90BB849}.DVD-5|Mixed Platforms.Build.0 = DVD-5
		{65FAD76B-B0B8-4017-84F7-FD96D90BB849}.DVD-5|x64.ActiveCfg = DVD-5
		{65FAD76B-B0B8-4017-84F7-FD96D90BB849}.DVD-5|x64.Build.0 = DVD-5
		{65FAD76B-B0B8-4017-84F7-FD96D90BB849}.DVD-5|x86.ActiveCfg = DVD-5
		{65FAD76B-B0B8-4017-84F7-FD96D90BB849}.DVD-5|x86.Build.0 = DVD-5
		{65FAD76B-B0B8-4017-84F7-FD96D90BB849}.Release|Any CPU.ActiveCfg = SingleImage
		{65FAD76B-B0B8-4017-84F7-FD96D90BB849}.Release|Any CPU.Build.0 = SingleImage
		{65FAD76B-B0B8-4017-84F7-FD96D90BB849}.Release|Mixed Platforms.ActiveCfg = SingleImage
		{65FAD76B-B0B8-4017-84F7-FD96D90BB849}.Release|Mixed Platforms.Build.0 = SingleImage
		{65FAD76B-B0B8-4017-84F7-FD96D90BB849}.Release|x64.ActiveCfg = SingleImage
		{65FAD76B-B0B8-4017-84F7-FD96D90BB849}.Release|x64.Build.0 = SingleImage
		{65FAD76B-B0B8-4017-84F7-FD96D90BB849}.Release|x86.ActiveCfg = SingleImage
		{65FAD76B-B0B8-4017-84F7-FD96D90BB849}.Release|x86.Build.0 = SingleImage
		{65FAD76B-B0B8-4017-84F7-FD96D90BB849}.SingleImage|Any CPU.ActiveCfg = SingleImage
		{65FAD76B-B0B8-4017-84F7-FD96D90BB849}.SingleImage|Any CPU.Build.0 = SingleImage
		{65FAD76B-B0B8-4017-84F7-FD96D90BB849}.SingleImage|Mixed Platforms.ActiveCfg = SingleImage
		{65FAD76B-B0B8-4017-84F7-FD96D90BB849}.SingleImage|Mixed Platforms.Build.0 = SingleImage
		{65FAD76B-B0B8-4017-84F7-FD96D90BB849}.SingleImage|x64.ActiveCfg = SingleImage
		{65FAD76B-B0B8-4017-84F7-FD96D90BB849}.SingleImage|x64.Build.0 = SingleImage
		{65FAD76B-B0B8-4017-84F7-FD96D90BB849}.SingleImage|x86.ActiveCfg = SingleImage
		{65FAD76B-B0B8-4017-84F7-FD96D90BB849}.SingleImage|x86.Build.0 = SingleImage
		{E39612D8-1AA1-48BD-A49D-AC2C81D4842E}.CD_ROM|Any CPU.ActiveCfg = Release|Any CPU
		{E39612D8-1AA1-48BD-A49D-AC2C81D4842E}.CD_ROM|Any CPU.Build.0 = Release|Any CPU
		{E39612D8-1AA1-48BD-A49D-AC2C81D4842E}.CD_ROM|Mixed Platforms.ActiveCfg = Release|Any CPU
		{E39612D8-1AA1-48BD-A49D-AC2C81D4842E}.CD_ROM|Mixed Platforms.Build.0 = Release|Any CPU
		{E39612D8-1AA1-48BD-A49D-AC2C81D4842E}.CD_ROM|x64.ActiveCfg = Release|Any CPU
		{E39612D8-1AA1-48BD-A49D-AC2C81D4842E}.CD_ROM|x86.ActiveCfg = Release|Any CPU
		{E39612D8-1AA1-48BD-A49D-AC2C81D4842E}.Debug|Any CPU.ActiveCfg = Debug|Any CPU
		{E39612D8-1AA1-48BD-A49D-AC2C81D4842E}.Debug|Any CPU.Build.0 = Debug|Any CPU
		{E39612D8-1AA1-48BD-A49D-AC2C81D4842E}.Debug|Mixed Platforms.ActiveCfg = Debug|Any CPU
		{E39612D8-1AA1-48BD-A49D-AC2C81D4842E}.Debug|Mixed Platforms.Build.0 = Debug|Any CPU
		{E39612D8-1AA1-48BD-A49D-AC2C81D4842E}.Debug|x64.ActiveCfg = Debug|Any CPU
		{E39612D8-1AA1-48BD-A49D-AC2C81D4842E}.Debug|x86.ActiveCfg = Debug|Any CPU
		{E39612D8-1AA1-48BD-A49D-AC2C81D4842E}.DVD-5|Any CPU.ActiveCfg = Debug|Any CPU
		{E39612D8-1AA1-48BD-A49D-AC2C81D4842E}.DVD-5|Any CPU.Build.0 = Debug|Any CPU
		{E39612D8-1AA1-48BD-A49D-AC2C81D4842E}.DVD-5|Mixed Platforms.ActiveCfg = Debug|Any CPU
		{E39612D8-1AA1-48BD-A49D-AC2C81D4842E}.DVD-5|Mixed Platforms.Build.0 = Debug|Any CPU
		{E39612D8-1AA1-48BD-A49D-AC2C81D4842E}.DVD-5|x64.ActiveCfg = Debug|Any CPU
		{E39612D8-1AA1-48BD-A49D-AC2C81D4842E}.DVD-5|x86.ActiveCfg = Debug|Any CPU
		{E39612D8-1AA1-48BD-A49D-AC2C81D4842E}.Release|Any CPU.ActiveCfg = Release|Any CPU
		{E39612D8-1AA1-48BD-A49D-AC2C81D4842E}.Release|Any CPU.Build.0 = Release|Any CPU
		{E39612D8-1AA1-48BD-A49D-AC2C81D4842E}.Release|Mixed Platforms.ActiveCfg = Release|Any CPU
		{E39612D8-1AA1-48BD-A49D-AC2C81D4842E}.Release|Mixed Platforms.Build.0 = Release|Any CPU
		{E39612D8-1AA1-48BD-A49D-AC2C81D4842E}.Release|x64.ActiveCfg = Release|Any CPU
		{E39612D8-1AA1-48BD-A49D-AC2C81D4842E}.Release|x86.ActiveCfg = Release|Any CPU
		{E39612D8-1AA1-48BD-A49D-AC2C81D4842E}.SingleImage|Any CPU.ActiveCfg = Release|Any CPU
		{E39612D8-1AA1-48BD-A49D-AC2C81D4842E}.SingleImage|Any CPU.Build.0 = Release|Any CPU
		{E39612D8-1AA1-48BD-A49D-AC2C81D4842E}.SingleImage|Mixed Platforms.ActiveCfg = Release|Any CPU
		{E39612D8-1AA1-48BD-A49D-AC2C81D4842E}.SingleImage|Mixed Platforms.Build.0 = Release|Any CPU
		{E39612D8-1AA1-48BD-A49D-AC2C81D4842E}.SingleImage|x64.ActiveCfg = Release|Any CPU
		{E39612D8-1AA1-48BD-A49D-AC2C81D4842E}.SingleImage|x86.ActiveCfg = Release|Any CPU
	EndGlobalSection
	GlobalSection(SolutionProperties) = preSolution
		HideSolutionNode = FALSE
	EndGlobalSection
EndGlobal
